// !$*UTF8*$!
{
	archiveVersion = 1;
	classes = {
	};
	objectVersion = 46;
	objects = {

/* Begin PBXBuildFile section */
		27F66B801A2EFDE800C298AA /* bart_icon.png in Resources */ = {isa = PBXBuildFile; fileRef = 27F66B7F1A2EFDE800C298AA /* bart_icon.png */; };
		27F66B821A2EFE2900C298AA /* marge_icon.png in Resources */ = {isa = PBXBuildFile; fileRef = 27F66B811A2EFE2900C298AA /* marge_icon.png */; };
		27F66B841A2EFE5000C298AA /* duff.png in Resources */ = {isa = PBXBuildFile; fileRef = 27F66B831A2EFE5000C298AA /* duff.png */; };
		27F66B881A2F014200C298AA /* bart_icon@2x.png in Resources */ = {isa = PBXBuildFile; fileRef = 27F66B851A2F014200C298AA /* bart_icon@2x.png */; };
		27F66B891A2F014200C298AA /* duff@2x.png in Resources */ = {isa = PBXBuildFile; fileRef = 27F66B861A2F014200C298AA /* duff@2x.png */; };
		27F66B8A1A2F014200C298AA /* marge_icon@2x.png in Resources */ = {isa = PBXBuildFile; fileRef = 27F66B871A2F014200C298AA /* marge_icon@2x.png */; };
		27F66B8C1A2F048100C298AA /* marge@2x.png in Resources */ = {isa = PBXBuildFile; fileRef = 27F66B8B1A2F048100C298AA /* marge@2x.png */; };
		27F66B8E1A2F050700C298AA /* marge.png in Resources */ = {isa = PBXBuildFile; fileRef = 27F66B8D1A2F050700C298AA /* marge.png */; };
		27F66B901A2F05EA00C298AA /* marge_new.png in Resources */ = {isa = PBXBuildFile; fileRef = 27F66B8F1A2F05EA00C298AA /* marge_new.png */; };
		27FFF9961A2EF0A700A12A7F /* main.m in Sources */ = {isa = PBXBuildFile; fileRef = 27FFF9951A2EF0A700A12A7F /* main.m */; };
		27FFF9991A2EF0A700A12A7F /* AppDelegate.m in Sources */ = {isa = PBXBuildFile; fileRef = 27FFF9981A2EF0A700A12A7F /* AppDelegate.m */; };
		27FFF99C1A2EF0A700A12A7F /* ViewController.m in Sources */ = {isa = PBXBuildFile; fileRef = 27FFF99B1A2EF0A700A12A7F /* ViewController.m */; };
		27FFF99F1A2EF0A700A12A7F /* Main.storyboard in Resources */ = {isa = PBXBuildFile; fileRef = 27FFF99D1A2EF0A700A12A7F /* Main.storyboard */; };
		27FFF9A11A2EF0A700A12A7F /* Images.xcassets in Resources */ = {isa = PBXBuildFile; fileRef = 27FFF9A01A2EF0A700A12A7F /* Images.xcassets */; };
		27FFF9A41A2EF0A700A12A7F /* LaunchScreen.xib in Resources */ = {isa = PBXBuildFile; fileRef = 27FFF9A21A2EF0A700A12A7F /* LaunchScreen.xib */; };
		27FFF9B01A2EF0A700A12A7F /* TabViewControllerTests.m in Sources */ = {isa = PBXBuildFile; fileRef = 27FFF9AF1A2EF0A700A12A7F /* TabViewControllerTests.m */; };
		27FFF9BC1A2EF39100A12A7F /* homer.png in Resources */ = {isa = PBXBuildFile; fileRef = 27FFF9B91A2EF39100A12A7F /* homer.png */; };
		27FFF9BD1A2EF39100A12A7F /* bart.png in Resources */ = {isa = PBXBuildFile; fileRef = 27FFF9BA1A2EF39100A12A7F /* bart.png */; };
/* End PBXBuildFile section */

/* Begin PBXContainerItemProxy section */
		27FFF9AA1A2EF0A700A12A7F /* PBXContainerItemProxy */ = {
			isa = PBXContainerItemProxy;
			containerPortal = 27FFF9881A2EF0A700A12A7F /* Project object */;
			proxyType = 1;
			remoteGlobalIDString = 27FFF98F1A2EF0A700A12A7F;
			remoteInfo = TabViewController;
		};
/* End PBXContainerItemProxy section */

/* Begin PBXFileReference section */
		27F66B7F1A2EFDE800C298AA /* bart_icon.png */ = {isa = PBXFileReference; lastKnownFileType = image.png; path = bart_icon.png; sourceTree = "<group>"; };
		27F66B811A2EFE2900C298AA /* marge_icon.png */ = {isa = PBXFileReference; lastKnownFileType = image.png; path = marge_icon.png; sourceTree = "<group>"; };
		27F66B831A2EFE5000C298AA /* duff.png */ = {isa = PBXFileReference; lastKnownFileType = image.png; path = duff.png; sourceTree = "<group>"; };
		27F66B851A2F014200C298AA /* bart_icon@2x.png */ = {isa = PBXFileReference; lastKnownFileType = image.png; path = "bart_icon@2x.png"; sourceTree = "<group>"; };
		27F66B861A2F014200C298AA /* duff@2x.png */ = {isa = PBXFileReference; lastKnownFileType = image.png; path = "duff@2x.png"; sourceTree = "<group>"; };
		27F66B871A2F014200C298AA /* marge_icon@2x.png */ = {isa = PBXFileReference; lastKnownFileType = image.png; path = "marge_icon@2x.png"; sourceTree = "<group>"; };
		27F66B8B1A2F048100C298AA /* marge@2x.png */ = {isa = PBXFileReference; lastKnownFileType = image.png; path = "marge@2x.png"; sourceTree = "<group>"; };
		27F66B8D1A2F050700C298AA /* marge.png */ = {isa = PBXFileReference; lastKnownFileType = image.png; path = marge.png; sourceTree = "<group>"; };
		27F66B8F1A2F05EA00C298AA /* marge_new.png */ = {isa = PBXFileReference; lastKnownFileType = image.png; path = marge_new.png; sourceTree = "<group>"; };
		27FFF9901A2EF0A700A12A7F /* TabViewController.app */ = {isa = PBXFileReference; explicitFileType = wrapper.application; includeInIndex = 0; path = TabViewController.app; sourceTree = BUILT_PRODUCTS_DIR; };
		27FFF9941A2EF0A700A12A7F /* Info.plist */ = {isa = PBXFileReference; lastKnownFileType = text.plist.xml; path = Info.plist; sourceTree = "<group>"; };
		27FFF9951A2EF0A700A12A7F /* main.m */ = {isa = PBXFileReference; lastKnownFileType = sourcecode.c.objc; path = main.m; sourceTree = "<group>"; };
		27FFF9971A2EF0A700A12A7F /* AppDelegate.h */ = {isa = PBXFileReference; lastKnownFileType = sourcecode.c.h; path = AppDelegate.h; sourceTree = "<group>"; };
		27FFF9981A2EF0A700A12A7F /* AppDelegate.m */ = {isa = PBXFileReference; lastKnownFileType = sourcecode.c.objc; path = AppDelegate.m; sourceTree = "<group>"; };
		27FFF99A1A2EF0A700A12A7F /* ViewController.h */ = {isa = PBXFileReference; lastKnownFileType = sourcecode.c.h; path = ViewController.h; sourceTree = "<group>"; };
		27FFF99B1A2EF0A700A12A7F /* ViewController.m */ = {isa = PBXFileReference; lastKnownFileType = sourcecode.c.objc; path = ViewController.m; sourceTree = "<group>"; };
		27FFF99E1A2EF0A700A12A7F /* Base */ = {isa = PBXFileReference; lastKnownFileType = file.storyboard; name = Base; path = Base.lproj/Main.storyboard; sourceTree = "<group>"; };
		27FFF9A01A2EF0A700A12A7F /* Images.xcassets */ = {isa = PBXFileReference; lastKnownFileType = folder.assetcatalog; path = Images.xcassets; sourceTree = "<group>"; };
		27FFF9A31A2EF0A700A12A7F /* Base */ = {isa = PBXFileReference; lastKnownFileType = file.xib; name = Base; path = Base.lproj/LaunchScreen.xib; sourceTree = "<group>"; };
		27FFF9A91A2EF0A700A12A7F /* TabViewControllerTests.xctest */ = {isa = PBXFileReference; explicitFileType = wrapper.cfbundle; includeInIndex = 0; path = TabViewControllerTests.xctest; sourceTree = BUILT_PRODUCTS_DIR; };
		27FFF9AE1A2EF0A700A12A7F /* Info.plist */ = {isa = PBXFileReference; lastKnownFileType = text.plist.xml; path = Info.plist; sourceTree = "<group>"; };
		27FFF9AF1A2EF0A700A12A7F /* TabViewControllerTests.m */ = {isa = PBXFileReference; lastKnownFileType = sourcecode.c.objc; path = TabViewControllerTests.m; sourceTree = "<group>"; };
		27FFF9B91A2EF39100A12A7F /* homer.png */ = {isa = PBXFileReference; lastKnownFileType = image.png; path = homer.png; sourceTree = "<group>"; };
		27FFF9BA1A2EF39100A12A7F /* bart.png */ = {isa = PBXFileReference; lastKnownFileType = image.png; path = bart.png; sourceTree = "<group>"; };
/* End PBXFileReference section */

/* Begin PBXFrameworksBuildPhase section */
		27FFF98D1A2EF0A700A12A7F /* Frameworks */ = {
			isa = PBXFrameworksBuildPhase;
			buildActionMask = 2147483647;
			files = (
			);
			runOnlyForDeploymentPostprocessing = 0;
		};
		27FFF9A61A2EF0A700A12A7F /* Frameworks */ = {
			isa = PBXFrameworksBuildPhase;
			buildActionMask = 2147483647;
			files = (
			);
			runOnlyForDeploymentPostprocessing = 0;
		};
/* End PBXFrameworksBuildPhase section */

/* Begin PBXGroup section */
		27FFF9871A2EF0A700A12A7F = {
			isa = PBXGroup;
			children = (
				27FFF9921A2EF0A700A12A7F /* TabViewController */,
				27FFF9AC1A2EF0A700A12A7F /* TabViewControllerTests */,
				27FFF9911A2EF0A700A12A7F /* Products */,
			);
			sourceTree = "<group>";
		};
		27FFF9911A2EF0A700A12A7F /* Products */ = {
			isa = PBXGroup;
			children = (
				27FFF9901A2EF0A700A12A7F /* TabViewController.app */,
				27FFF9A91A2EF0A700A12A7F /* TabViewControllerTests.xctest */,
			);
			name = Products;
			sourceTree = "<group>";
		};
		27FFF9921A2EF0A700A12A7F /* TabViewController */ = {
			isa = PBXGroup;
			children = (
				27FFF9971A2EF0A700A12A7F /* AppDelegate.h */,
				27FFF9981A2EF0A700A12A7F /* AppDelegate.m */,
				27FFF99A1A2EF0A700A12A7F /* ViewController.h */,
				27FFF99B1A2EF0A700A12A7F /* ViewController.m */,
				27FFF99D1A2EF0A700A12A7F /* Main.storyboard */,
				27FFF9A01A2EF0A700A12A7F /* Images.xcassets */,
				27FFF9A21A2EF0A700A12A7F /* LaunchScreen.xib */,
				27FFF9BF1A2EF39B00A12A7F /* Images */,
				27FFF9931A2EF0A700A12A7F /* Supporting Files */,
			);
			path = TabViewController;
			sourceTree = "<group>";
		};
		27FFF9931A2EF0A700A12A7F /* Supporting Files */ = {
			isa = PBXGroup;
			children = (
				27FFF9941A2EF0A700A12A7F /* Info.plist */,
				27FFF9951A2EF0A700A12A7F /* main.m */,
			);
			name = "Supporting Files";
			sourceTree = "<group>";
		};
		27FFF9AC1A2EF0A700A12A7F /* TabViewControllerTests */ = {
			isa = PBXGroup;
			children = (
				27FFF9AF1A2EF0A700A12A7F /* TabViewControllerTests.m */,
				27FFF9AD1A2EF0A700A12A7F /* Supporting Files */,
			);
			path = TabViewControllerTests;
			sourceTree = "<group>";
		};
		27FFF9AD1A2EF0A700A12A7F /* Supporting Files */ = {
			isa = PBXGroup;
			children = (
				27FFF9AE1A2EF0A700A12A7F /* Info.plist */,
			);
			name = "Supporting Files";
			sourceTree = "<group>";
		};
		27FFF9BF1A2EF39B00A12A7F /* Images */ = {
			isa = PBXGroup;
			children = (
				27F66B8F1A2F05EA00C298AA /* marge_new.png */,
				27F66B7F1A2EFDE800C298AA /* bart_icon.png */,
				27F66B811A2EFE2900C298AA /* marge_icon.png */,
				27F66B851A2F014200C298AA /* bart_icon@2x.png */,
				27F66B8B1A2F048100C298AA /* marge@2x.png */,
				27F66B8D1A2F050700C298AA /* marge.png */,
				27F66B861A2F014200C298AA /* duff@2x.png */,
				27F66B871A2F014200C298AA /* marge_icon@2x.png */,
				27FFF9B91A2EF39100A12A7F /* homer.png */,
				27F66B831A2EFE5000C298AA /* duff.png */,
				27FFF9BA1A2EF39100A12A7F /* bart.png */,
			);
			name = Images;
			sourceTree = "<group>";
		};
/* End PBXGroup section */

/* Begin PBXNativeTarget section */
		27FFF98F1A2EF0A700A12A7F /* TabViewController */ = {
			isa = PBXNativeTarget;
			buildConfigurationList = 27FFF9B31A2EF0A700A12A7F /* Build configuration list for PBXNativeTarget "TabViewController" */;
			buildPhases = (
				27FFF98C1A2EF0A700A12A7F /* Sources */,
				27FFF98D1A2EF0A700A12A7F /* Frameworks */,
				27FFF98E1A2EF0A700A12A7F /* Resources */,
			);
			buildRules = (
			);
			dependencies = (
			);
			name = TabViewController;
			productName = TabViewController;
			productReference = 27FFF9901A2EF0A700A12A7F /* TabViewController.app */;
			productType = "com.apple.product-type.application";
		};
		27FFF9A81A2EF0A700A12A7F /* TabViewControllerTests */ = {
			isa = PBXNativeTarget;
			buildConfigurationList = 27FFF9B61A2EF0A700A12A7F /* Build configuration list for PBXNativeTarget "TabViewControllerTests" */;
			buildPhases = (
				27FFF9A51A2EF0A700A12A7F /* Sources */,
				27FFF9A61A2EF0A700A12A7F /* Frameworks */,
				27FFF9A71A2EF0A700A12A7F /* Resources */,
			);
			buildRules = (
			);
			dependencies = (
				27FFF9AB1A2EF0A700A12A7F /* PBXTargetDependency */,
			);
			name = TabViewControllerTests;
			productName = TabViewControllerTests;
			productReference = 27FFF9A91A2EF0A700A12A7F /* TabViewControllerTests.xctest */;
			productType = "com.apple.product-type.bundle.unit-test";
		};
/* End PBXNativeTarget section */

/* Begin PBXProject section */
		27FFF9881A2EF0A700A12A7F /* Project object */ = {
			isa = PBXProject;
			attributes = {
				LastUpgradeCheck = 0610;
				ORGANIZATIONNAME = "Nick Reeder";
				TargetAttributes = {
					27FFF98F1A2EF0A700A12A7F = {
						CreatedOnToolsVersion = 6.1.1;
					};
					27FFF9A81A2EF0A700A12A7F = {
						CreatedOnToolsVersion = 6.1.1;
						TestTargetID = 27FFF98F1A2EF0A700A12A7F;
					};
				};
			};
			buildConfigurationList = 27FFF98B1A2EF0A700A12A7F /* Build configuration list for PBXProject "TabViewController" */;
			compatibilityVersion = "Xcode 3.2";
			developmentRegion = English;
			hasScannedForEncodings = 0;
			knownRegions = (
				en,
				Base,
			);
			mainGroup = 27FFF9871A2EF0A700A12A7F;
			productRefGroup = 27FFF9911A2EF0A700A12A7F /* Products */;
			projectDirPath = "";
			projectRoot = "";
			targets = (
				27FFF98F1A2EF0A700A12A7F /* TabViewController */,
				27FFF9A81A2EF0A700A12A7F /* TabViewControllerTests */,
			);
		};
/* End PBXProject section */

/* Begin PBXResourcesBuildPhase section */
		27FFF98E1A2EF0A700A12A7F /* Resources */ = {
			isa = PBXResourcesBuildPhase;
			buildActionMask = 2147483647;
			files = (
				27F66B891A2F014200C298AA /* duff@2x.png in Resources */,
				27FFF99F1A2EF0A700A12A7F /* Main.storyboard in Resources */,
				27F66B841A2EFE5000C298AA /* duff.png in Resources */,
				27F66B821A2EFE2900C298AA /* marge_icon.png in Resources */,
				27F66B881A2F014200C298AA /* bart_icon@2x.png in Resources */,
				27FFF9BD1A2EF39100A12A7F /* bart.png in Resources */,
				27F66B8C1A2F048100C298AA /* marge@2x.png in Resources */,
				27F66B801A2EFDE800C298AA /* bart_icon.png in Resources */,
				27FFF9A41A2EF0A700A12A7F /* LaunchScreen.xib in Resources */,
				27F66B901A2F05EA00C298AA /* marge_new.png in Resources */,
				27FFF9A11A2EF0A700A12A7F /* Images.xcassets in Resources */,
				27F66B8A1A2F014200C298AA /* marge_icon@2x.png in Resources */,
				27F66B8E1A2F050700C298AA /* marge.png in Resources */,
				27FFF9BC1A2EF39100A12A7F /* homer.png in Resources */,
			);
			runOnlyForDeploymentPostprocessing = 0;
		};
		27FFF9A71A2EF0A700A12A7F /* Resources */ = {
			isa = PBXResourcesBuildPhase;
			buildActionMask = 2147483647;
			files = (
			);
			runOnlyForDeploymentPostprocessing = 0;
		};
/* End PBXResourcesBuildPhase section */

/* Begin PBXSourcesBuildPhase section */
		27FFF98C1A2EF0A700A12A7F /* Sources */ = {
			isa = PBXSourcesBuildPhase;
			buildActionMask = 2147483647;
			files = (
				27FFF99C1A2EF0A700A12A7F /* ViewController.m in Sources */,
				27FFF9991A2EF0A700A12A7F /* AppDelegate.m in Sources */,
				27FFF9961A2EF0A700A12A7F /* main.m in Sources */,
			);
			runOnlyForDeploymentPostprocessing = 0;
		};
		27FFF9A51A2EF0A700A12A7F /* Sources */ = {
			isa = PBXSourcesBuildPhase;
			buildActionMask = 2147483647;
			files = (
				27FFF9B01A2EF0A700A12A7F /* TabViewControllerTests.m in Sources */,
			);
			runOnlyForDeploymentPostprocessing = 0;
		};
/* End PBXSourcesBuildPhase section */

/* Begin PBXTargetDependency section */
		27FFF9AB1A2EF0A700A12A7F /* PBXTargetDependency */ = {
			isa = PBXTargetDependency;
			target = 27FFF98F1A2EF0A700A12A7F /* TabViewController */;
			targetProxy = 27FFF9AA1A2EF0A700A12A7F /* PBXContainerItemProxy */;
		};
/* End PBXTargetDependency section */

/* Begin PBXVariantGroup section */
		27FFF99D1A2EF0A700A12A7F /* Main.storyboard */ = {
			isa = PBXVariantGroup;
			children = (
				27FFF99E1A2EF0A700A12A7F /* Base */,
			);
			name = Main.storyboard;
			sourceTree = "<group>";
		};
		27FFF9A21A2EF0A700A12A7F /* LaunchScreen.xib */ = {
			isa = PBXVariantGroup;
			children = (
				27FFF9A31A2EF0A700A12A7F /* Base */,
			);
			name = LaunchScreen.xib;
			sourceTree = "<group>";
		};
/* End PBXVariantGroup section */

/* Begin XCBuildConfiguration section */
		27FFF9B11A2EF0A700A12A7F /* Debug */ = {
			isa = XCBuildConfiguration;
			buildSettings = {
				ALWAYS_SEARCH_USER_PATHS = NO;
				CLANG_CXX_LANGUAGE_STANDARD = "gnu++0x";
				CLANG_CXX_LIBRARY = "libc++";
				CLANG_ENABLE_MODULES = YES;
				CLANG_ENABLE_OBJC_ARC = YES;
				CLANG_WARN_BOOL_CONVERSION = YES;
				CLANG_WARN_CONSTANT_CONVERSION = YES;
				CLANG_WARN_DIRECT_OBJC_ISA_USAGE = YES_ERROR;
				CLANG_WARN_EMPTY_BODY = YES;
				CLANG_WARN_ENUM_CONVERSION = YES;
				CLANG_WARN_INT_CONVERSION = YES;
				CLANG_WARN_OBJC_ROOT_CLASS = YES_ERROR;
				CLANG_WARN_UNREACHABLE_CODE = YES;
				CLANG_WARN__DUPLICATE_METHOD_MATCH = YES;
				"CODE_SIGN_IDENTITY[sdk=iphoneos*]" = "iPhone Developer";
				COPY_PHASE_STRIP = NO;
				ENABLE_STRICT_OBJC_MSGSEND = YES;
				GCC_C_LANGUAGE_STANDARD = gnu99;
				GCC_DYNAMIC_NO_PIC = NO;
				GCC_OPTIMIZATION_LEVEL = 0;
				GCC_PREPROCESSOR_DEFINITIONS = (
					"DEBUG=1",
					"$(inherited)",
				);
				GCC_SYMBOLS_PRIVATE_EXTERN = NO;
				GCC_WARN_64_TO_32_BIT_CONVERSION = YES;
				GCC_WARN_ABOUT_RETURN_TYPE = YES_ERROR;
				GCC_WARN_UNDECLARED_SELECTOR = YES;
				GCC_WARN_UNINITIALIZED_AUTOS = YES_AGGRESSIVE;
				GCC_WARN_UNUSED_FUNCTION = YES;
				GCC_WARN_UNUSED_VARIABLE = YES;
				IPHONEOS_DEPLOYMENT_TARGET = 8.1;
				MTL_ENABLE_DEBUG_INFO = YES;
				ONLY_ACTIVE_ARCH = YES;
				SDKROOT = iphoneos;
			};
			name = Debug;
		};
		27FFF9B21A2EF0A700A12A7F /* Release */ = {
			isa = XCBuildConfiguration;
			buildSettings = {
				ALWAYS_SEARCH_USER_PATHS = NO;
				CLANG_CXX_LANGUAGE_STANDARD = "gnu++0x";
				CLANG_CXX_LIBRARY = "libc++";
				CLANG_ENABLE_MODULES = YES;
				CLANG_ENABLE_OBJC_ARC = YES;
				CLANG_WARN_BOOL_CONVERSION = YES;
				CLANG_WARN_CONSTANT_CONVERSION = YES;
				CLANG_WARN_DIRECT_OBJC_ISA_USAGE = YES_ERROR;
				CLANG_WARN_EMPTY_BODY = YES;
				CLANG_WARN_ENUM_CONVERSION = YES;
				CLANG_WARN_INT_CONVERSION = YES;
				CLANG_WARN_OBJC_ROOT_CLASS = YES_ERROR;
				CLANG_WARN_UNREACHABLE_CODE = YES;
				CLANG_WARN__DUPLICATE_METHOD_MATCH = YES;
				"CODE_SIGN_IDENTITY[sdk=iphoneos*]" = "iPhone Developer";
				COPY_PHASE_STRIP = YES;
				ENABLE_NS_ASSERTIONS = NO;
				ENABLE_STRICT_OBJC_MSGSEND = YES;
				GCC_C_LANGUAGE_STANDARD = gnu99;
				GCC_WARN_64_TO_32_BIT_CONVERSION = YES;
				GCC_WARN_ABOUT_RETURN_TYPE = YES_ERROR;
				GCC_WARN_UNDECLARED_SELECTOR = YES;
				GCC_WARN_UNINITIALIZED_AUTOS = YES_AGGRESSIVE;
				GCC_WARN_UNUSED_FUNCTION = YES;
				GCC_WARN_UNUSED_VARIABLE = YES;
				IPHONEOS_DEPLOYMENT_TARGET = 8.1;
				MTL_ENABLE_DEBUG_INFO = NO;
				SDKROOT = iphoneos;
				VALIDATE_PRODUCT = YES;
			};
			name = Release;
		};
		27FFF9B41A2EF0A700A12A7F /* Debug */ = {
			isa = XCBuildConfiguration;
			buildSettings = {
				ASSETCATALOG_COMPILER_APPICON_NAME = AppIcon;
				INFOPLIST_FILE = TabViewController/Info.plist;
				LD_RUNPATH_SEARCH_PATHS = "$(inherited) @executable_path/Frameworks";
				PRODUCT_NAME = "$(TARGET_NAME)";
			};
			name = Debug;
		};
		27FFF9B51A2EF0A700A12A7F /* Release */ = {
			isa = XCBuildConfiguration;
			buildSettings = {
				ASSETCATALOG_COMPILER_APPICON_NAME = AppIcon;
				INFOPLIST_FILE = TabViewController/Info.plist;
				LD_RUNPATH_SEARCH_PATHS = "$(inherited) @executable_path/Frameworks";
				PRODUCT_NAME = "$(TARGET_NAME)";
			};
			name = Release;
		};
		27FFF9B71A2EF0A700A12A7F /* Debug */ = {
			isa = XCBuildConfiguration;
			buildSettings = {
				BUNDLE_LOADER = "$(TEST_HOST)";
				FRAMEWORK_SEARCH_PATHS = (
					"$(SDKROOT)/Developer/Library/Frameworks",
					"$(inherited)",
				);
				GCC_PREPROCESSOR_DEFINITIONS = (
					"DEBUG=1",
					"$(inherited)",
				);
				INFOPLIST_FILE = TabViewControllerTests/Info.plist;
				LD_RUNPATH_SEARCH_PATHS = "$(inherited) @executable_path/Frameworks @loader_path/Frameworks";
				PRODUCT_NAME = "$(TARGET_NAME)";
				TEST_HOST = "$(BUILT_PRODUCTS_DIR)/TabViewController.app/TabViewController";
			};
			name = Debug;
		};
		27FFF9B81A2EF0A700A12A7F /* Release */ = {
			isa = XCBuildConfiguration;
			buildSettings = {
				BUNDLE_LOADER = "$(TEST_HOST)";
				FRAMEWORK_SEARCH_PATHS = (
					"$(SDKROOT)/Developer/Library/Frameworks",
					"$(inherited)",
				);
				INFOPLIST_FILE = TabViewControllerTests/Info.plist;
				LD_RUNPATH_SEARCH_PATHS = "$(inherited) @executable_path/Frameworks @loader_path/Frameworks";
				PRODUCT_NAME = "$(TARGET_NAME)";
				TEST_HOST = "$(BUILT_PRODUCTS_DIR)/TabViewController.app/TabViewController";
			};
			name = Release;
		};
/* End XCBuildConfiguration section */

/* Begin XCConfigurationList section */
		27FFF98B1A2EF0A700A12A7F /* Build configuration list for PBXProject "TabViewController" */ = {
			isa = XCConfigurationList;
			buildConfigurations = (
				27FFF9B11A2EF0A700A12A7F /* Debug */,
				27FFF9B21A2EF0A700A12A7F /* Release */,
			);
			defaultConfigurationIsVisible = 0;
			defaultConfigurationName = Release;
		};
		27FFF9B31A2EF0A700A12A7F /* Build configuration list for PBXNativeTarget "TabViewController" */ = {
			isa = XCConfigurationList;
			buildConfigurations = (
				27FFF9B41A2EF0A700A12A7F /* Debug */,
				27FFF9B51A2EF0A700A12A7F /* Release */,
			);
			defaultConfigurationIsVisible = 0;
			defaultConfigurationName = Release;
		};
		27FFF9B61A2EF0A700A12A7F /* Build configuration list for PBXNativeTarget "TabViewControllerTests" */ = {
			isa = XCConfigurationList;
			buildConfigurations = (
				27FFF9B71A2EF0A700A12A7F /* Debug */,
				27FFF9B81A2EF0A700A12A7F /* Release */,
			);
			defaultConfigurationIsVisible = 0;
			defaultConfigurationName = Release;
		};
/* End XCConfigurationList section */
	};
	rootObject = 27FFF9881A2EF0A700A12A7F /* Project object */;
}
